
Microsoft Visual Studio Solution File, Format Version 12.00
# Visual Studio 15
Project("{FAE04EC0-301F-11D3-BF4B-00C04F79EFBC}") = "Assembly-CSharp", "Assembly-CSharp.csproj", "{689A131F-6E1F-9908-E89B-7835D056823C}"
EndProject
Project("{FAE04EC0-301F-11D3-BF4B-00C04F79EFBC}") = "Assembly-CSharp-Editor", "Assembly-CSharp-Editor.csproj", "{D68833AD-6F66-CB5F-743D-5E1BEC89D8C4}"
EndProject
Global
	GlobalSection(SolutionConfigurationPlatforms) = preSolution
		Debug|Any CPU = Debug|Any CPU
		Release|Any CPU = Release|Any CPU
	EndGlobalSection
	GlobalSection(ProjectConfigurationPlatforms) = postSolution
		{689A131F-6E1F-9908-E89B-7835D056823C}.Debug|Any CPU.ActiveCfg = Debug|Any CPU
		{689A131F-6E1F-9908-E89B-7835D056823C}.Debug|Any CPU.Build.0 = Debug|Any CPU
		{689A131F-6E1F-9908-E89B-7835D056823C}.Release|Any CPU.ActiveCfg = Release|Any CPU
		{689A131F-6E1F-9908-E89B-7835D056823C}.Release|Any CPU.Build.0 = Release|Any CPU
		{D68833AD-6F66-CB5F-743D-5E1BEC89D8C4}.Debug|Any CPU.ActiveCfg = Debug|Any CPU
		{D68833AD-6F66-CB5F-743D-5E1BEC89D8C4}.Debug|Any CPU.Build.0 = Debug|Any CPU
		{D68833AD-6F66-CB5F-743D-5E1BEC89D8C4}.Release|Any CPU.ActiveCfg = Release|Any CPU
		{D68833AD-6F66-CB5F-743D-5E1BEC89D8C4}.Release|Any CPU.Build.0 = Release|Any CPU
	EndGlobalSection
	GlobalSection(SolutionProperties) = preSolution
		HideSolutionNode = FALSE
	EndGlobalSection
EndGlobal
